
Microsoft Visual Studio Solution File, Format Version 12.00
# Visual Studio Version 16
VisualStudioVersion = 16.0.30002.166
MinimumVisualStudioVersion = 10.0.40219.1
Project("{FAE04EC0-301F-11D3-BF4B-00C04F79EFBC}") = "annotate-autotrace-spans", "annotate-autotrace-spans.csproj", "{D0DEA6A6-3E8B-4C43-B776-FDD0815CDE25}"
EndProject
Global
	GlobalSection(SolutionConfigurationPlatforms) = preSolution
		Debug|Any CPU = Debug|Any CPU
		Release|Any CPU = Release|Any CPU
	EndGlobalSection
	GlobalSection(ProjectConfigurationPlatforms) = postSolution
		{D0DEA6A6-3E8B-4C43-B776-FDD0815CDE25}.Debug|Any CPU.ActiveCfg = Debug|Any CPU
		{D0DEA6A6-3E8B-4C43-B776-FDD0815CDE25}.Debug|Any CPU.Build.0 = Debug|Any CPU
		{D0DEA6A6-3E8B-4C43-B776-FDD0815CDE25}.Release|Any CPU.ActiveCfg = Release|Any CPU
		{D0DEA6A6-3E8B-4C43-B776-FDD0815CDE25}.Release|Any CPU.Build.0 = Release|Any CPU
	EndGlobalSection
	GlobalSection(SolutionProperties) = preSolution
		HideSolutionNode = FALSE
	EndGlobalSection
	GlobalSection(ExtensibilityGlobals) = postSolution
		SolutionGuid = {4DDD518E-FB6F-4AA5-A7DD-2649EC399415}
	EndGlobalSection
EndGlobal
